
Microsoft Visual Studio Solution File, Format Version 12.00
# Visual Studio 15
VisualStudioVersion = 15.0.27130.2010
MinimumVisualStudioVersion = 10.0.40219.1
Project("{8BC9CEB8-8B4A-11D0-8D11-00A0C91BC942}") = "P3", "P3\P3.vcxproj", "{F0B5FE5E-E515-4F72-A82B-CA782D6F50EF}"
EndProject
Project("{8BC9CEB8-8B4A-11D0-8D11-00A0C91BC942}") = "P3_LIB", "P3_LIB\P3_LIB.vcxproj", "{A6355117-D2D8-48D8-958F-63574EFDB745}"
EndProject
Global
	GlobalSection(SolutionConfigurationPlatforms) = preSolution
		Debug|x64 = Debug|x64
		Debug|x86 = Debug|x86
		Release|x64 = Release|x64
		Release|x86 = Release|x86
	EndGlobalSection
	GlobalSection(ProjectConfigurationPlatforms) = postSolution
		{F0B5FE5E-E515-4F72-A82B-CA782D6F50EF}.Debug|x64.ActiveCfg = Debug|x64
		{F0B5FE5E-E515-4F72-A82B-CA782D6F50EF}.Debug|x64.Build.0 = Debug|x64
		{F0B5FE5E-E515-4F72-A82B-CA782D6F50EF}.Debug|x86.ActiveCfg = Debug|Win32
		{F0B5FE5E-E515-4F72-A82B-CA782D6F50EF}.Debug|x86.Build.0 = Debug|Win32
		{F0B5FE5E-E515-4F72-A82B-CA782D6F50EF}.Release|x64.ActiveCfg = Release|x64
		{F0B5FE5E-E515-4F72-A82B-CA782D6F50EF}.Release|x64.Build.0 = Release|x64
		{F0B5FE5E-E515-4F72-A82B-CA782D6F50EF}.Release|x86.ActiveCfg = Release|Win32
		{F0B5FE5E-E515-4F72-A82B-CA782D6F50EF}.Release|x86.Build.0 = Release|Win32
		{A6355117-D2D8-48D8-958F-63574EFDB745}.Debug|x64.ActiveCfg = Debug|x64
		{A6355117-D2D8-48D8-958F-63574EFDB745}.Debug|x64.Build.0 = Debug|x64
		{A6355117-D2D8-48D8-958F-63574EFDB745}.Debug|x86.ActiveCfg = Debug|Win32
		{A6355117-D2D8-48D8-958F-63574EFDB745}.Debug|x86.Build.0 = Debug|Win32
		{A6355117-D2D8-48D8-958F-63574EFDB745}.Release|x64.ActiveCfg = Release|x64
		{A6355117-D2D8-48D8-958F-63574EFDB745}.Release|x64.Build.0 = Release|x64
		{A6355117-D2D8-48D8-958F-63574EFDB745}.Release|x86.ActiveCfg = Release|Win32
		{A6355117-D2D8-48D8-958F-63574EFDB745}.Release|x86.Build.0 = Release|Win32
	EndGlobalSection
	GlobalSection(SolutionProperties) = preSolution
		HideSolutionNode = FALSE
	EndGlobalSection
	GlobalSection(ExtensibilityGlobals) = postSolution
		SolutionGuid = {3423D7DA-AE08-4902-BE40-2F0B7427B05E}
	EndGlobalSection
EndGlobal
