
Microsoft Visual Studio Solution File, Format Version 12.00
# Visual Studio 15
VisualStudioVersion = 15.0.27130.2010
MinimumVisualStudioVersion = 10.0.40219.1
Project("{8BC9CEB8-8B4A-11D0-8D11-00A0C91BC942}") = "P3-Test", "P3-Test.vcxproj", "{913C3043-7E7E-4AAF-9D9C-E98FBCA675FE}"
EndProject
Global
	GlobalSection(SolutionConfigurationPlatforms) = preSolution
		Debug|x64 = Debug|x64
		Debug|x86 = Debug|x86
		Release|x64 = Release|x64
		Release|x86 = Release|x86
	EndGlobalSection
	GlobalSection(ProjectConfigurationPlatforms) = postSolution
		{913C3043-7E7E-4AAF-9D9C-E98FBCA675FE}.Debug|x64.ActiveCfg = Debug|x64
		{913C3043-7E7E-4AAF-9D9C-E98FBCA675FE}.Debug|x64.Build.0 = Debug|x64
		{913C3043-7E7E-4AAF-9D9C-E98FBCA675FE}.Debug|x86.ActiveCfg = Debug|Win32
		{913C3043-7E7E-4AAF-9D9C-E98FBCA675FE}.Debug|x86.Build.0 = Debug|Win32
		{913C3043-7E7E-4AAF-9D9C-E98FBCA675FE}.Release|x64.ActiveCfg = Release|x64
		{913C3043-7E7E-4AAF-9D9C-E98FBCA675FE}.Release|x64.Build.0 = Release|x64
		{913C3043-7E7E-4AAF-9D9C-E98FBCA675FE}.Release|x86.ActiveCfg = Release|Win32
		{913C3043-7E7E-4AAF-9D9C-E98FBCA675FE}.Release|x86.Build.0 = Release|Win32
	EndGlobalSection
	GlobalSection(SolutionProperties) = preSolution
		HideSolutionNode = FALSE
	EndGlobalSection
	GlobalSection(ExtensibilityGlobals) = postSolution
		SolutionGuid = {8502CAD8-525B-46AD-9758-4C837D47DB5C}
	EndGlobalSection
EndGlobal
